
Microsoft Visual Studio Solution File, Format Version 12.00
# Visual Studio Version 16
VisualStudioVersion = 16.0.29323.36
MinimumVisualStudioVersion = 10.0.40219.1
Project("{FAE04EC0-301F-11D3-BF4B-00C04F79EFBC}") = "XamlBinding", "XamlBinding\XamlBinding.csproj", "{4128133A-780D-4635-B874-A9D22FE54D85}"
EndProject
Project("{2150E333-8FDC-42A3-9474-1A3956D46DE8}") = "Solution Items", "Solution Items", "{31207455-325B-4B93-B73A-374B8A8767CC}"
	ProjectSection(SolutionItems) = preProject
		.editorconfig = .editorconfig
		README.md = README.md
	EndProjectSection
EndProject
Global
	GlobalSection(SolutionConfigurationPlatforms) = preSolution
		Debug|Any CPU = Debug|Any CPU
		Release|Any CPU = Release|Any CPU
	EndGlobalSection
	GlobalSection(ProjectConfigurationPlatforms) = postSolution
		{4128133A-780D-4635-B874-A9D22FE54D85}.Debug|Any CPU.ActiveCfg = Debug|Any CPU
		{4128133A-780D-4635-B874-A9D22FE54D85}.Debug|Any CPU.Build.0 = Debug|Any CPU
		{4128133A-780D-4635-B874-A9D22FE54D85}.Release|Any CPU.ActiveCfg = Release|Any CPU
		{4128133A-780D-4635-B874-A9D22FE54D85}.Release|Any CPU.Build.0 = Release|Any CPU
	EndGlobalSection
	GlobalSection(SolutionProperties) = preSolution
		HideSolutionNode = FALSE
	EndGlobalSection
	GlobalSection(ExtensibilityGlobals) = postSolution
		SolutionGuid = {D055D6DD-D07B-4866-9A53-7931C3EFB37E}
	EndGlobalSection
EndGlobal
